{
  "name": "gp_glodex",
  "version": "1.0.0",
  "lockfileVersion": 3,
  "requires": true,
  "packages": {
    "": {
      "name": "gp_glodex",
      "version": "1.0.0",
      "license": "ISC",
      "dependencies": {
        "@fontsource/open-sans": "^5.0.29",
        "@fontsource/raleway": "^5.0.20"
      }
    },
    "node_modules/@fontsource/open-sans": {
      "version": "5.0.29",
      "resolved": "https://registry.npmjs.org/@fontsource/open-sans/-/open-sans-5.0.29.tgz",
      "integrity": "sha512-5ayVkmB5fY2NXm/YKF0UxtjWipLIqeXBxyhjtR46ab+z8xiJonolUBIVFYUfn5zH4FDf078zXbsIvmo82C0Aew==",
      "license": "OFL-1.1"
    },
    "node_modules/@fontsource/raleway": {
      "version": "5.0.20",
      "resolved": "https://registry.npmjs.org/@fontsource/raleway/-/raleway-5.0.20.tgz",
      "integrity": "sha512-ZgTAEnlVYUIk75RM1Xsyk932zQ29DgxVr7io0QwVfDwcr88LHop0e2BZhBBI4MxL4b5L+T91RYwm6mLl/CXnpA==",
      "license": "OFL-1.1"
    }
  }
}
